<?xml version="1.0" encoding="utf-8"?>
<Project ToolsVersion="4.0" xmlns="http://schemas.microsoft.com/developer/msbuild/2003">
  <ItemGroup>
    <Filter Include="源文件">
      <UniqueIdentifier>{4FC737F1-C7A5-4376-A066-2A32D752A2FF}</UniqueIdentifier>
      <Extensions>cpp;c;cc;cxx;def;odl;idl;hpj;bat;asm;asmx</Extensions>
    </Filter>
    <Filter Include="头文件">
      <UniqueIdentifier>{93995380-89BD-4b04-88EB-625FBE52EBFB}</UniqueIdentifier>
      <Extensions>h;hpp;hxx;hm;inl;inc;xsd</Extensions>
    </Filter>
    <Filter Include="资源文件">
      <UniqueIdentifier>{67DA6AB6-F800-4c08-8B7A-83BB121AAD01}</UniqueIdentifier>
      <Extensions>rc;ico;cur;bmp;dlg;rc2;rct;bin;rgs;gif;jpg;jpeg;jpe;resx;tiff;tif;png;wav;mfcribbon-ms</Extensions>
    </Filter>
    <Filter Include="DataCache">
      <UniqueIdentifier>{e1a963b1-d6f2-4436-8be3-d6b44f90575d}</UniqueIdentifier>
    </Filter>
    <Filter Include="Logic">
      <UniqueIdentifier>{4478b9b8-913a-4d7c-9f5a-3d23552bf974}</UniqueIdentifier>
    </Filter>
  </ItemGroup>
  <ItemGroup>
    <ClInclude Include="GamePlayer.h">
      <Filter>头文件</Filter>
    </ClInclude>
    <ClInclude Include="Game_Define.h">
      <Filter>头文件</Filter>
    </ClInclude>
    <ClInclude Include="Connection.h">
      <Filter>头文件</Filter>
    </ClInclude>
    <ClInclude Include="Server.h">
      <Filter>头文件</Filter>
    </ClInclude>
    <ClInclude Include="Engine.h">
      <Filter>头文件</Filter>
    </ClInclude>
    <ClInclude Include="Dispatcher.h">
      <Filter>头文件</Filter>
    </ClInclude>
    <ClInclude Include="Acceptor.h">
      <Filter>头文件</Filter>
    </ClInclude>
    <ClInclude Include="PacketDefine_Handler.h">
      <Filter>头文件</Filter>
    </ClInclude>
    <ClInclude Include="DataCache\DataCache.h">
      <Filter>DataCache</Filter>
    </ClInclude>
    <ClInclude Include="Logic\Player.h">
      <Filter>Logic</Filter>
    </ClInclude>
  </ItemGroup>
  <ItemGroup>
    <ClCompile Include="main.cpp">
      <Filter>源文件</Filter>
    </ClCompile>
    <ClCompile Include="GamePlayer.cpp">
      <Filter>源文件</Filter>
    </ClCompile>
    <ClCompile Include="Connection.cpp">
      <Filter>源文件</Filter>
    </ClCompile>
    <ClCompile Include="Server.cpp">
      <Filter>源文件</Filter>
    </ClCompile>
    <ClCompile Include="Engine.cpp">
      <Filter>源文件</Filter>
    </ClCompile>
    <ClCompile Include="Dispatcher.cpp">
      <Filter>源文件</Filter>
    </ClCompile>
    <ClCompile Include="Acceptor.cpp">
      <Filter>源文件</Filter>
    </ClCompile>
    <ClCompile Include="PacketDefine_Handler.cpp">
      <Filter>源文件</Filter>
    </ClCompile>
    <ClCompile Include="PacketHandlerMgr.cpp">
      <Filter>源文件</Filter>
    </ClCompile>
    <ClCompile Include="DataCache\DataCache.cpp">
      <Filter>DataCache</Filter>
    </ClCompile>
    <ClCompile Include="Logic\Player.cpp">
      <Filter>Logic</Filter>
    </ClCompile>
  </ItemGroup>
</Project>